
Microsoft Visual Studio Solution File, Format Version 12.00
# Visual Studio Version 17
VisualStudioVersion = 17.0.31903.59
MinimumVisualStudioVersion = 10.0.40219.1
Project("{2150E333-8FDC-42A3-9474-1A3956D46DE8}") = "src", "src", "{E702ACCF-C742-4695-A7BA-55CBB856188C}"
EndProject
Project("{FAE04EC0-301F-11D3-BF4B-00C04F79EFBC}") = "CoreApp.Domain.Shared", "src\CoreApp.Domain.Shared\CoreApp.Domain.Shared.csproj", "{70ABB8A9-97A3-424E-B4BA-A29B77E02288}"
EndProject
Project("{FAE04EC0-301F-11D3-BF4B-00C04F79EFBC}") = "CoreApp.Domain", "src\CoreApp.Domain\CoreApp.Domain.csproj", "{8B90F70C-CAE2-4B74-BA67-30F5159C0018}"
EndProject
Project("{FAE04EC0-301F-11D3-BF4B-00C04F79EFBC}") = "CoreApp.Application.Contracts", "src\CoreApp.Application.Contracts\CoreApp.Application.Contracts.csproj", "{9B98067E-9341-4AAA-B590-174390BDF86F}"
EndProject
Project("{FAE04EC0-301F-11D3-BF4B-00C04F79EFBC}") = "CoreApp.Application", "src\CoreApp.Application\CoreApp.Application.csproj", "{E1703FA2-FF75-436C-922E-FE336110CD28}"
EndProject
Project("{FAE04EC0-301F-11D3-BF4B-00C04F79EFBC}") = "CoreApp.EntityFrameworkCore", "src\CoreApp.EntityFrameworkCore\CoreApp.EntityFrameworkCore.csproj", "{1CF808F1-0147-49AE-8490-6135F596634F}"
EndProject
Project("{FAE04EC0-301F-11D3-BF4B-00C04F79EFBC}") = "CoreApp.HttpApi", "src\CoreApp.HttpApi\CoreApp.HttpApi.csproj", "{72BA9079-4F3F-4A5B-AF8F-575A303FD8FF}"
EndProject
Project("{FAE04EC0-301F-11D3-BF4B-00C04F79EFBC}") = "CoreApp.HttpApi.Client", "src\CoreApp.HttpApi.Client\CoreApp.HttpApi.Client.csproj", "{BD804257-2747-4D21-BDF3-DF12C597E42C}"
EndProject
Project("{FAE04EC0-301F-11D3-BF4B-00C04F79EFBC}") = "CoreApp.HttpApi.Host", "src\CoreApp.HttpApi.Host\CoreApp.HttpApi.Host.csproj", "{C3832D23-83C8-496C-9518-44E5F25A9BF6}"
EndProject
Project("{FAE04EC0-301F-11D3-BF4B-00C04F79EFBC}") = "CoreApp.DbMigrator", "src\CoreApp.DbMigrator\CoreApp.DbMigrator.csproj", "{3A572F61-E5C2-4E6E-8340-0DD34BB0A1EB}"
EndProject
Project("{FAE04EC0-301F-11D3-BF4B-00C04F79EFBC}") = "CoreApp.ElsaServer", "src\CoreApp.ElsaServer\CoreApp.ElsaServer.csproj", "{A428DC46-8D11-4162-8037-1739CF0C00E7}"
EndProject
Project("{FAE04EC0-301F-11D3-BF4B-00C04F79EFBC}") = "CoreApp.ElsaStudio", "src\CoreApp.ElsaStudio\CoreApp.ElsaStudio.csproj", "{575F72F8-0C4B-4F7C-A0BF-1E2291D376E5}"
EndProject
Global
	GlobalSection(SolutionConfigurationPlatforms) = preSolution
		Debug|Any CPU = Debug|Any CPU
		Release|Any CPU = Release|Any CPU
	EndGlobalSection
	GlobalSection(SolutionProperties) = preSolution
		HideSolutionNode = FALSE
	EndGlobalSection
	GlobalSection(ProjectConfigurationPlatforms) = postSolution
		{70ABB8A9-97A3-424E-B4BA-A29B77E02288}.Debug|Any CPU.ActiveCfg = Debug|Any CPU
		{70ABB8A9-97A3-424E-B4BA-A29B77E02288}.Debug|Any CPU.Build.0 = Debug|Any CPU
		{70ABB8A9-97A3-424E-B4BA-A29B77E02288}.Release|Any CPU.ActiveCfg = Release|Any CPU
		{70ABB8A9-97A3-424E-B4BA-A29B77E02288}.Release|Any CPU.Build.0 = Release|Any CPU
		{8B90F70C-CAE2-4B74-BA67-30F5159C0018}.Debug|Any CPU.ActiveCfg = Debug|Any CPU
		{8B90F70C-CAE2-4B74-BA67-30F5159C0018}.Debug|Any CPU.Build.0 = Debug|Any CPU
		{8B90F70C-CAE2-4B74-BA67-30F5159C0018}.Release|Any CPU.ActiveCfg = Release|Any CPU
		{8B90F70C-CAE2-4B74-BA67-30F5159C0018}.Release|Any CPU.Build.0 = Release|Any CPU
		{9B98067E-9341-4AAA-B590-174390BDF86F}.Debug|Any CPU.ActiveCfg = Debug|Any CPU
		{9B98067E-9341-4AAA-B590-174390BDF86F}.Debug|Any CPU.Build.0 = Debug|Any CPU
		{9B98067E-9341-4AAA-B590-174390BDF86F}.Release|Any CPU.ActiveCfg = Release|Any CPU
		{9B98067E-9341-4AAA-B590-174390BDF86F}.Release|Any CPU.Build.0 = Release|Any CPU
		{E1703FA2-FF75-436C-922E-FE336110CD28}.Debug|Any CPU.ActiveCfg = Debug|Any CPU
		{E1703FA2-FF75-436C-922E-FE336110CD28}.Debug|Any CPU.Build.0 = Debug|Any CPU
		{E1703FA2-FF75-436C-922E-FE336110CD28}.Release|Any CPU.ActiveCfg = Release|Any CPU
		{E1703FA2-FF75-436C-922E-FE336110CD28}.Release|Any CPU.Build.0 = Release|Any CPU
		{1CF808F1-0147-49AE-8490-6135F596634F}.Debug|Any CPU.ActiveCfg = Debug|Any CPU
		{1CF808F1-0147-49AE-8490-6135F596634F}.Debug|Any CPU.Build.0 = Debug|Any CPU
		{1CF808F1-0147-49AE-8490-6135F596634F}.Release|Any CPU.ActiveCfg = Release|Any CPU
		{1CF808F1-0147-49AE-8490-6135F596634F}.Release|Any CPU.Build.0 = Release|Any CPU
		{72BA9079-4F3F-4A5B-AF8F-575A303FD8FF}.Debug|Any CPU.ActiveCfg = Debug|Any CPU
		{72BA9079-4F3F-4A5B-AF8F-575A303FD8FF}.Debug|Any CPU.Build.0 = Debug|Any CPU
		{72BA9079-4F3F-4A5B-AF8F-575A303FD8FF}.Release|Any CPU.ActiveCfg = Release|Any CPU
		{72BA9079-4F3F-4A5B-AF8F-575A303FD8FF}.Release|Any CPU.Build.0 = Release|Any CPU
		{BD804257-2747-4D21-BDF3-DF12C597E42C}.Debug|Any CPU.ActiveCfg = Debug|Any CPU
		{BD804257-2747-4D21-BDF3-DF12C597E42C}.Debug|Any CPU.Build.0 = Debug|Any CPU
		{BD804257-2747-4D21-BDF3-DF12C597E42C}.Release|Any CPU.ActiveCfg = Release|Any CPU
		{BD804257-2747-4D21-BDF3-DF12C597E42C}.Release|Any CPU.Build.0 = Release|Any CPU
		{C3832D23-83C8-496C-9518-44E5F25A9BF6}.Debug|Any CPU.ActiveCfg = Debug|Any CPU
		{C3832D23-83C8-496C-9518-44E5F25A9BF6}.Debug|Any CPU.Build.0 = Debug|Any CPU
		{C3832D23-83C8-496C-9518-44E5F25A9BF6}.Release|Any CPU.ActiveCfg = Release|Any CPU
		{C3832D23-83C8-496C-9518-44E5F25A9BF6}.Release|Any CPU.Build.0 = Release|Any CPU
		{3A572F61-E5C2-4E6E-8340-0DD34BB0A1EB}.Debug|Any CPU.ActiveCfg = Debug|Any CPU
		{3A572F61-E5C2-4E6E-8340-0DD34BB0A1EB}.Debug|Any CPU.Build.0 = Debug|Any CPU
		{3A572F61-E5C2-4E6E-8340-0DD34BB0A1EB}.Release|Any CPU.ActiveCfg = Release|Any CPU
		{3A572F61-E5C2-4E6E-8340-0DD34BB0A1EB}.Release|Any CPU.Build.0 = Release|Any CPU
		{A428DC46-8D11-4162-8037-1739CF0C00E7}.Debug|Any CPU.ActiveCfg = Debug|Any CPU
		{A428DC46-8D11-4162-8037-1739CF0C00E7}.Debug|Any CPU.Build.0 = Debug|Any CPU
		{A428DC46-8D11-4162-8037-1739CF0C00E7}.Release|Any CPU.ActiveCfg = Release|Any CPU
		{A428DC46-8D11-4162-8037-1739CF0C00E7}.Release|Any CPU.Build.0 = Release|Any CPU
		{575F72F8-0C4B-4F7C-A0BF-1E2291D376E5}.Debug|Any CPU.ActiveCfg = Debug|Any CPU
		{575F72F8-0C4B-4F7C-A0BF-1E2291D376E5}.Debug|Any CPU.Build.0 = Debug|Any CPU
		{575F72F8-0C4B-4F7C-A0BF-1E2291D376E5}.Release|Any CPU.ActiveCfg = Release|Any CPU
		{575F72F8-0C4B-4F7C-A0BF-1E2291D376E5}.Release|Any CPU.Build.0 = Release|Any CPU
	EndGlobalSection
	GlobalSection(NestedProjects) = preSolution
		{70ABB8A9-97A3-424E-B4BA-A29B77E02288} = {E702ACCF-C742-4695-A7BA-55CBB856188C}
		{8B90F70C-CAE2-4B74-BA67-30F5159C0018} = {E702ACCF-C742-4695-A7BA-55CBB856188C}
		{9B98067E-9341-4AAA-B590-174390BDF86F} = {E702ACCF-C742-4695-A7BA-55CBB856188C}
		{E1703FA2-FF75-436C-922E-FE336110CD28} = {E702ACCF-C742-4695-A7BA-55CBB856188C}
		{1CF808F1-0147-49AE-8490-6135F596634F} = {E702ACCF-C742-4695-A7BA-55CBB856188C}
		{72BA9079-4F3F-4A5B-AF8F-575A303FD8FF} = {E702ACCF-C742-4695-A7BA-55CBB856188C}
		{BD804257-2747-4D21-BDF3-DF12C597E42C} = {E702ACCF-C742-4695-A7BA-55CBB856188C}
		{C3832D23-83C8-496C-9518-44E5F25A9BF6} = {E702ACCF-C742-4695-A7BA-55CBB856188C}
		{3A572F61-E5C2-4E6E-8340-0DD34BB0A1EB} = {E702ACCF-C742-4695-A7BA-55CBB856188C}
		{A428DC46-8D11-4162-8037-1739CF0C00E7} = {E702ACCF-C742-4695-A7BA-55CBB856188C}
		{575F72F8-0C4B-4F7C-A0BF-1E2291D376E5} = {E702ACCF-C742-4695-A7BA-55CBB856188C}
	EndGlobalSection
EndGlobal
